// !$*UTF8*$!
{
	archiveVersion = 1;
	classes = {
	};
	objectVersion = 46;
	objects = {

/* Begin PBXBuildFile section */
		747C2449157ADD71007E5717 /* UIKit.framework in Frameworks */ = {isa = PBXBuildFile; fileRef = 747C2448157ADD71007E5717 /* UIKit.framework */; };
		747C244B157ADD71007E5717 /* Foundation.framework in Frameworks */ = {isa = PBXBuildFile; fileRef = 747C244A157ADD71007E5717 /* Foundation.framework */; };
		747C244D157ADD71007E5717 /* CoreGraphics.framework in Frameworks */ = {isa = PBXBuildFile; fileRef = 747C244C157ADD71007E5717 /* CoreGraphics.framework */; };
		747C2453157ADD71007E5717 /* InfoPlist.strings in Resources */ = {isa = PBXBuildFile; fileRef = 747C2451157ADD71007E5717 /* InfoPlist.strings */; };
		747C2455157ADD71007E5717 /* main.m in Sources */ = {isa = PBXBuildFile; fileRef = 747C2454157ADD71007E5717 /* main.m */; };
		747C2459157ADD71007E5717 /* MKAppDelegate.m in Sources */ = {isa = PBXBuildFile; fileRef = 747C2458157ADD71007E5717 /* MKAppDelegate.m */; };
		747C245C157ADD71007E5717 /* MKFirstViewController.m in Sources */ = {isa = PBXBuildFile; fileRef = 747C245B157ADD71007E5717 /* MKFirstViewController.m */; };
		747C245E157ADD71007E5717 /* first.png in Resources */ = {isa = PBXBuildFile; fileRef = 747C245D157ADD71007E5717 /* first.png */; };
		747C2460157ADD71007E5717 /* first@2x.png in Resources */ = {isa = PBXBuildFile; fileRef = 747C245F157ADD71007E5717 /* first@2x.png */; };
		747C2463157ADD71007E5717 /* MKSecondViewController.m in Sources */ = {isa = PBXBuildFile; fileRef = 747C2462157ADD71007E5717 /* MKSecondViewController.m */; };
		747C2465157ADD71007E5717 /* second.png in Resources */ = {isa = PBXBuildFile; fileRef = 747C2464157ADD71007E5717 /* second.png */; };
		747C2467157ADD71007E5717 /* second@2x.png in Resources */ = {isa = PBXBuildFile; fileRef = 747C2466157ADD71007E5717 /* second@2x.png */; };
		747C246A157ADD71007E5717 /* MKFirstViewController_iPhone.xib in Resources */ = {isa = PBXBuildFile; fileRef = 747C2468157ADD71007E5717 /* MKFirstViewController_iPhone.xib */; };
		747C246D157ADD71007E5717 /* MKFirstViewController_iPad.xib in Resources */ = {isa = PBXBuildFile; fileRef = 747C246B157ADD71007E5717 /* MKFirstViewController_iPad.xib */; };
		747C2470157ADD71007E5717 /* MKSecondViewController_iPhone.xib in Resources */ = {isa = PBXBuildFile; fileRef = 747C246E157ADD71007E5717 /* MKSecondViewController_iPhone.xib */; };
		747C2473157ADD71007E5717 /* MKSecondViewController_iPad.xib in Resources */ = {isa = PBXBuildFile; fileRef = 747C2471157ADD71007E5717 /* MKSecondViewController_iPad.xib */; };
/* End PBXBuildFile section */

/* Begin PBXFileReference section */
		747C2444157ADD71007E5717 /* GeoHunt.app */ = {isa = PBXFileReference; explicitFileType = wrapper.application; includeInIndex = 0; path = GeoHunt.app; sourceTree = BUILT_PRODUCTS_DIR; };
		747C2448157ADD71007E5717 /* UIKit.framework */ = {isa = PBXFileReference; lastKnownFileType = wrapper.framework; name = UIKit.framework; path = System/Library/Frameworks/UIKit.framework; sourceTree = SDKROOT; };
		747C244A157ADD71007E5717 /* Foundation.framework */ = {isa = PBXFileReference; lastKnownFileType = wrapper.framework; name = Foundation.framework; path = System/Library/Frameworks/Foundation.framework; sourceTree = SDKROOT; };
		747C244C157ADD71007E5717 /* CoreGraphics.framework */ = {isa = PBXFileReference; lastKnownFileType = wrapper.framework; name = CoreGraphics.framework; path = System/Library/Frameworks/CoreGraphics.framework; sourceTree = SDKROOT; };
		747C2450157ADD71007E5717 /* GeoHunt-Info.plist */ = {isa = PBXFileReference; lastKnownFileType = text.plist.xml; path = "GeoHunt-Info.plist"; sourceTree = "<group>"; };
		747C2452157ADD71007E5717 /* en */ = {isa = PBXFileReference; lastKnownFileType = text.plist.strings; name = en; path = en.lproj/InfoPlist.strings; sourceTree = "<group>"; };
		747C2454157ADD71007E5717 /* main.m */ = {isa = PBXFileReference; lastKnownFileType = sourcecode.c.objc; path = main.m; sourceTree = "<group>"; };
		747C2456157ADD71007E5717 /* GeoHunt-Prefix.pch */ = {isa = PBXFileReference; lastKnownFileType = sourcecode.c.h; path = "GeoHunt-Prefix.pch"; sourceTree = "<group>"; };
		747C2457157ADD71007E5717 /* MKAppDelegate.h */ = {isa = PBXFileReference; lastKnownFileType = sourcecode.c.h; path = MKAppDelegate.h; sourceTree = "<group>"; };
		747C2458157ADD71007E5717 /* MKAppDelegate.m */ = {isa = PBXFileReference; lastKnownFileType = sourcecode.c.objc; path = MKAppDelegate.m; sourceTree = "<group>"; };
		747C245A157ADD71007E5717 /* MKFirstViewController.h */ = {isa = PBXFileReference; lastKnownFileType = sourcecode.c.h; path = MKFirstViewController.h; sourceTree = "<group>"; };
		747C245B157ADD71007E5717 /* MKFirstViewController.m */ = {isa = PBXFileReference; lastKnownFileType = sourcecode.c.objc; path = MKFirstViewController.m; sourceTree = "<group>"; };
		747C245D157ADD71007E5717 /* first.png */ = {isa = PBXFileReference; lastKnownFileType = image.png; path = first.png; sourceTree = "<group>"; };
		747C245F157ADD71007E5717 /* first@2x.png */ = {isa = PBXFileReference; lastKnownFileType = image.png; path = "first@2x.png"; sourceTree = "<group>"; };
		747C2461157ADD71007E5717 /* MKSecondViewController.h */ = {isa = PBXFileReference; lastKnownFileType = sourcecode.c.h; path = MKSecondViewController.h; sourceTree = "<group>"; };
		747C2462157ADD71007E5717 /* MKSecondViewController.m */ = {isa = PBXFileReference; lastKnownFileType = sourcecode.c.objc; path = MKSecondViewController.m; sourceTree = "<group>"; };
		747C2464157ADD71007E5717 /* second.png */ = {isa = PBXFileReference; lastKnownFileType = image.png; path = second.png; sourceTree = "<group>"; };
		747C2466157ADD71007E5717 /* second@2x.png */ = {isa = PBXFileReference; lastKnownFileType = image.png; path = "second@2x.png"; sourceTree = "<group>"; };
		747C2469157ADD71007E5717 /* en */ = {isa = PBXFileReference; lastKnownFileType = file.xib; name = en; path = en.lproj/MKFirstViewController_iPhone.xib; sourceTree = "<group>"; };
		747C246C157ADD71007E5717 /* en */ = {isa = PBXFileReference; lastKnownFileType = file.xib; name = en; path = en.lproj/MKFirstViewController_iPad.xib; sourceTree = "<group>"; };
		747C246F157ADD71007E5717 /* en */ = {isa = PBXFileReference; lastKnownFileType = file.xib; name = en; path = en.lproj/MKSecondViewController_iPhone.xib; sourceTree = "<group>"; };
		747C2472157ADD71007E5717 /* en */ = {isa = PBXFileReference; lastKnownFileType = file.xib; name = en; path = en.lproj/MKSecondViewController_iPad.xib; sourceTree = "<group>"; };
/* End PBXFileReference section */

/* Begin PBXFrameworksBuildPhase section */
		747C2441157ADD71007E5717 /* Frameworks */ = {
			isa = PBXFrameworksBuildPhase;
			buildActionMask = 2147483647;
			files = (
				747C2449157ADD71007E5717 /* UIKit.framework in Frameworks */,
				747C244B157ADD71007E5717 /* Foundation.framework in Frameworks */,
				747C244D157ADD71007E5717 /* CoreGraphics.framework in Frameworks */,
			);
			runOnlyForDeploymentPostprocessing = 0;
		};
/* End PBXFrameworksBuildPhase section */

/* Begin PBXGroup section */
		747C2439157ADD71007E5717 = {
			isa = PBXGroup;
			children = (
				747C244E157ADD71007E5717 /* GeoHunt */,
				747C2447157ADD71007E5717 /* Frameworks */,
				747C2445157ADD71007E5717 /* Products */,
			);
			sourceTree = "<group>";
		};
		747C2445157ADD71007E5717 /* Products */ = {
			isa = PBXGroup;
			children = (
				747C2444157ADD71007E5717 /* GeoHunt.app */,
			);
			name = Products;
			sourceTree = "<group>";
		};
		747C2447157ADD71007E5717 /* Frameworks */ = {
			isa = PBXGroup;
			children = (
				747C2448157ADD71007E5717 /* UIKit.framework */,
				747C244A157ADD71007E5717 /* Foundation.framework */,
				747C244C157ADD71007E5717 /* CoreGraphics.framework */,
			);
			name = Frameworks;
			sourceTree = "<group>";
		};
		747C244E157ADD71007E5717 /* GeoHunt */ = {
			isa = PBXGroup;
			children = (
				747C2457157ADD71007E5717 /* MKAppDelegate.h */,
				747C2458157ADD71007E5717 /* MKAppDelegate.m */,
				747C245A157ADD71007E5717 /* MKFirstViewController.h */,
				747C245B157ADD71007E5717 /* MKFirstViewController.m */,
				747C245D157ADD71007E5717 /* first.png */,
				747C245F157ADD71007E5717 /* first@2x.png */,
				747C2461157ADD71007E5717 /* MKSecondViewController.h */,
				747C2462157ADD71007E5717 /* MKSecondViewController.m */,
				747C2464157ADD71007E5717 /* second.png */,
				747C2466157ADD71007E5717 /* second@2x.png */,
				747C2468157ADD71007E5717 /* MKFirstViewController_iPhone.xib */,
				747C246B157ADD71007E5717 /* MKFirstViewController_iPad.xib */,
				747C246E157ADD71007E5717 /* MKSecondViewController_iPhone.xib */,
				747C2471157ADD71007E5717 /* MKSecondViewController_iPad.xib */,
				747C244F157ADD71007E5717 /* Supporting Files */,
			);
			path = GeoHunt;
			sourceTree = "<group>";
		};
		747C244F157ADD71007E5717 /* Supporting Files */ = {
			isa = PBXGroup;
			children = (
				747C2450157ADD71007E5717 /* GeoHunt-Info.plist */,
				747C2451157ADD71007E5717 /* InfoPlist.strings */,
				747C2454157ADD71007E5717 /* main.m */,
				747C2456157ADD71007E5717 /* GeoHunt-Prefix.pch */,
			);
			name = "Supporting Files";
			sourceTree = "<group>";
		};
/* End PBXGroup section */

/* Begin PBXNativeTarget section */
		747C2443157ADD71007E5717 /* GeoHunt */ = {
			isa = PBXNativeTarget;
			buildConfigurationList = 747C2476157ADD71007E5717 /* Build configuration list for PBXNativeTarget "GeoHunt" */;
			buildPhases = (
				747C2440157ADD71007E5717 /* Sources */,
				747C2441157ADD71007E5717 /* Frameworks */,
				747C2442157ADD71007E5717 /* Resources */,
			);
			buildRules = (
			);
			dependencies = (
			);
			name = GeoHunt;
			productName = GeoHunt;
			productReference = 747C2444157ADD71007E5717 /* GeoHunt.app */;
			productType = "com.apple.product-type.application";
		};
/* End PBXNativeTarget section */

/* Begin PBXProject section */
		747C243B157ADD71007E5717 /* Project object */ = {
			isa = PBXProject;
			attributes = {
				CLASSPREFIX = MK;
				LastUpgradeCheck = 0430;
				ORGANIZATIONNAME = info;
			};
			buildConfigurationList = 747C243E157ADD71007E5717 /* Build configuration list for PBXProject "GeoHunt" */;
			compatibilityVersion = "Xcode 3.2";
			developmentRegion = English;
			hasScannedForEncodings = 0;
			knownRegions = (
				en,
			);
			mainGroup = 747C2439157ADD71007E5717;
			productRefGroup = 747C2445157ADD71007E5717 /* Products */;
			projectDirPath = "";
			projectRoot = "";
			targets = (
				747C2443157ADD71007E5717 /* GeoHunt */,
			);
		};
/* End PBXProject section */

/* Begin PBXResourcesBuildPhase section */
		747C2442157ADD71007E5717 /* Resources */ = {
			isa = PBXResourcesBuildPhase;
			buildActionMask = 2147483647;
			files = (
				747C2453157ADD71007E5717 /* InfoPlist.strings in Resources */,
				747C245E157ADD71007E5717 /* first.png in Resources */,
				747C2460157ADD71007E5717 /* first@2x.png in Resources */,
				747C2465157ADD71007E5717 /* second.png in Resources */,
				747C2467157ADD71007E5717 /* second@2x.png in Resources */,
				747C246A157ADD71007E5717 /* MKFirstViewController_iPhone.xib in Resources */,
				747C246D157ADD71007E5717 /* MKFirstViewController_iPad.xib in Resources */,
				747C2470157ADD71007E5717 /* MKSecondViewController_iPhone.xib in Resources */,
				747C2473157ADD71007E5717 /* MKSecondViewController_iPad.xib in Resources */,
			);
			runOnlyForDeploymentPostprocessing = 0;
		};
/* End PBXResourcesBuildPhase section */

/* Begin PBXSourcesBuildPhase section */
		747C2440157ADD71007E5717 /* Sources */ = {
			isa = PBXSourcesBuildPhase;
			buildActionMask = 2147483647;
			files = (
				747C2455157ADD71007E5717 /* main.m in Sources */,
				747C2459157ADD71007E5717 /* MKAppDelegate.m in Sources */,
				747C245C157ADD71007E5717 /* MKFirstViewController.m in Sources */,
				747C2463157ADD71007E5717 /* MKSecondViewController.m in Sources */,
			);
			runOnlyForDeploymentPostprocessing = 0;
		};
/* End PBXSourcesBuildPhase section */

/* Begin PBXVariantGroup section */
		747C2451157ADD71007E5717 /* InfoPlist.strings */ = {
			isa = PBXVariantGroup;
			children = (
				747C2452157ADD71007E5717 /* en */,
			);
			name = InfoPlist.strings;
			sourceTree = "<group>";
		};
		747C2468157ADD71007E5717 /* MKFirstViewController_iPhone.xib */ = {
			isa = PBXVariantGroup;
			children = (
				747C2469157ADD71007E5717 /* en */,
			);
			name = MKFirstViewController_iPhone.xib;
			sourceTree = "<group>";
		};
		747C246B157ADD71007E5717 /* MKFirstViewController_iPad.xib */ = {
			isa = PBXVariantGroup;
			children = (
				747C246C157ADD71007E5717 /* en */,
			);
			name = MKFirstViewController_iPad.xib;
			sourceTree = "<group>";
		};
		747C246E157ADD71007E5717 /* MKSecondViewController_iPhone.xib */ = {
			isa = PBXVariantGroup;
			children = (
				747C246F157ADD71007E5717 /* en */,
			);
			name = MKSecondViewController_iPhone.xib;
			sourceTree = "<group>";
		};
		747C2471157ADD71007E5717 /* MKSecondViewController_iPad.xib */ = {
			isa = PBXVariantGroup;
			children = (
				747C2472157ADD71007E5717 /* en */,
			);
			name = MKSecondViewController_iPad.xib;
			sourceTree = "<group>";
		};
/* End PBXVariantGroup section */

/* Begin XCBuildConfiguration section */
		747C2474157ADD71007E5717 /* Debug */ = {
			isa = XCBuildConfiguration;
			buildSettings = {
				ALWAYS_SEARCH_USER_PATHS = NO;
				ARCHS = "$(ARCHS_STANDARD_32_BIT)";
				CLANG_ENABLE_OBJC_ARC = YES;
				"CODE_SIGN_IDENTITY[sdk=iphoneos*]" = "iPhone Developer";
				COPY_PHASE_STRIP = NO;
				GCC_C_LANGUAGE_STANDARD = gnu99;
				GCC_DYNAMIC_NO_PIC = NO;
				GCC_OPTIMIZATION_LEVEL = 0;
				GCC_PREPROCESSOR_DEFINITIONS = (
					"DEBUG=1",
					"$(inherited)",
				);
				GCC_SYMBOLS_PRIVATE_EXTERN = NO;
				GCC_VERSION = com.apple.compilers.llvm.clang.1_0;
				GCC_WARN_ABOUT_RETURN_TYPE = YES;
				GCC_WARN_UNINITIALIZED_AUTOS = YES;
				GCC_WARN_UNUSED_VARIABLE = YES;
				IPHONEOS_DEPLOYMENT_TARGET = 5.1;
				SDKROOT = iphoneos;
				TARGETED_DEVICE_FAMILY = "1,2";
			};
			name = Debug;
		};
		747C2475157ADD71007E5717 /* Release */ = {
			isa = XCBuildConfiguration;
			buildSettings = {
				ALWAYS_SEARCH_USER_PATHS = NO;
				ARCHS = "$(ARCHS_STANDARD_32_BIT)";
				CLANG_ENABLE_OBJC_ARC = YES;
				"CODE_SIGN_IDENTITY[sdk=iphoneos*]" = "iPhone Developer";
				COPY_PHASE_STRIP = YES;
				GCC_C_LANGUAGE_STANDARD = gnu99;
				GCC_VERSION = com.apple.compilers.llvm.clang.1_0;
				GCC_WARN_ABOUT_RETURN_TYPE = YES;
				GCC_WARN_UNINITIALIZED_AUTOS = YES;
				GCC_WARN_UNUSED_VARIABLE = YES;
				IPHONEOS_DEPLOYMENT_TARGET = 5.1;
				OTHER_CFLAGS = "-DNS_BLOCK_ASSERTIONS=1";
				SDKROOT = iphoneos;
				TARGETED_DEVICE_FAMILY = "1,2";
				VALIDATE_PRODUCT = YES;
			};
			name = Release;
		};
		747C2477157ADD71007E5717 /* Debug */ = {
			isa = XCBuildConfiguration;
			buildSettings = {
				GCC_PRECOMPILE_PREFIX_HEADER = YES;
				GCC_PREFIX_HEADER = "GeoHunt/GeoHunt-Prefix.pch";
				INFOPLIST_FILE = "GeoHunt/GeoHunt-Info.plist";
				IPHONEOS_DEPLOYMENT_TARGET = 5.0;
				PRODUCT_NAME = "$(TARGET_NAME)";
				WRAPPER_EXTENSION = app;
			};
			name = Debug;
		};
		747C2478157ADD71007E5717 /* Release */ = {
			isa = XCBuildConfiguration;
			buildSettings = {
				GCC_PRECOMPILE_PREFIX_HEADER = YES;
				GCC_PREFIX_HEADER = "GeoHunt/GeoHunt-Prefix.pch";
				INFOPLIST_FILE = "GeoHunt/GeoHunt-Info.plist";
				IPHONEOS_DEPLOYMENT_TARGET = 5.0;
				PRODUCT_NAME = "$(TARGET_NAME)";
				WRAPPER_EXTENSION = app;
			};
			name = Release;
		};
/* End XCBuildConfiguration section */

/* Begin XCConfigurationList section */
		747C243E157ADD71007E5717 /* Build configuration list for PBXProject "GeoHunt" */ = {
			isa = XCConfigurationList;
			buildConfigurations = (
				747C2474157ADD71007E5717 /* Debug */,
				747C2475157ADD71007E5717 /* Release */,
			);
			defaultConfigurationIsVisible = 0;
			defaultConfigurationName = Release;
		};
		747C2476157ADD71007E5717 /* Build configuration list for PBXNativeTarget "GeoHunt" */ = {
			isa = XCConfigurationList;
			buildConfigurations = (
				747C2477157ADD71007E5717 /* Debug */,
				747C2478157ADD71007E5717 /* Release */,
			);
			defaultConfigurationIsVisible = 0;
		};
/* End XCConfigurationList section */
	};
	rootObject = 747C243B157ADD71007E5717 /* Project object */;
}
