// !$*UTF8*$!
{
	archiveVersion = 1;
	classes = {
	};
	objectVersion = 46;
	objects = {

/* Begin PBXBuildFile section */
		747C24171572B8ED007E5717 /* MAProperties.plist in Resources */ = {isa = PBXBuildFile; fileRef = 747C24161572B8ED007E5717 /* MAProperties.plist */; };
		747C241F1572ED11007E5717 /* MKImageViewCell.m in Sources */ = {isa = PBXBuildFile; fileRef = 747C241E1572ED11007E5717 /* MKImageViewCell.m */; };
		747C24221572F069007E5717 /* MKTargetsViewController.m in Sources */ = {isa = PBXBuildFile; fileRef = 747C24211572F069007E5717 /* MKTargetsViewController.m */; };
		747C24241572F08A007E5717 /* MKTargetsView_iPhone.xib in Resources */ = {isa = PBXBuildFile; fileRef = 747C24231572F08A007E5717 /* MKTargetsView_iPhone.xib */; };
		747C24271572F139007E5717 /* MKTargetInfoViewCtrl.m in Sources */ = {isa = PBXBuildFile; fileRef = 747C24261572F139007E5717 /* MKTargetInfoViewCtrl.m */; };
		747C24291572F168007E5717 /* MKTargetInfoView_iPhone.xib in Resources */ = {isa = PBXBuildFile; fileRef = 747C24281572F168007E5717 /* MKTargetInfoView_iPhone.xib */; };
		747C242B15740399007E5717 /* MKCapturedImageView_iPhone.xib in Resources */ = {isa = PBXBuildFile; fileRef = 747C242A15740399007E5717 /* MKCapturedImageView_iPhone.xib */; };
		747C242E157403B8007E5717 /* MKCapturedImageViewController.m in Sources */ = {isa = PBXBuildFile; fileRef = 747C242D157403B8007E5717 /* MKCapturedImageViewController.m */; };
		747C243815798D15007E5717 /* Twitter.framework in Frameworks */ = {isa = PBXBuildFile; fileRef = 747C243715798D15007E5717 /* Twitter.framework */; };
		74B4C028156F49D600E35598 /* UIKit.framework in Frameworks */ = {isa = PBXBuildFile; fileRef = 74B4C027156F49D600E35598 /* UIKit.framework */; };
		74B4C02A156F49D600E35598 /* Foundation.framework in Frameworks */ = {isa = PBXBuildFile; fileRef = 74B4C029156F49D600E35598 /* Foundation.framework */; };
		74B4C02C156F49D600E35598 /* CoreGraphics.framework in Frameworks */ = {isa = PBXBuildFile; fileRef = 74B4C02B156F49D600E35598 /* CoreGraphics.framework */; };
		74B4C032156F49D600E35598 /* InfoPlist.strings in Resources */ = {isa = PBXBuildFile; fileRef = 74B4C030156F49D600E35598 /* InfoPlist.strings */; };
		74B4C034156F49D600E35598 /* main.m in Sources */ = {isa = PBXBuildFile; fileRef = 74B4C033156F49D600E35598 /* main.m */; };
		74B4C038156F49D600E35598 /* MKAppDelegate.m in Sources */ = {isa = PBXBuildFile; fileRef = 74B4C037156F49D600E35598 /* MKAppDelegate.m */; };
		74B4C044156F4A8100E35598 /* Localizable.strings in Resources */ = {isa = PBXBuildFile; fileRef = 74B4C03E156F4A8100E35598 /* Localizable.strings */; };
		74B4C045156F4A8100E35598 /* MKViewController_iPad.xib in Resources */ = {isa = PBXBuildFile; fileRef = 74B4C040156F4A8100E35598 /* MKViewController_iPad.xib */; };
		74B4C046156F4A8100E35598 /* MKViewController_iPhone.xib in Resources */ = {isa = PBXBuildFile; fileRef = 74B4C042156F4A8100E35598 /* MKViewController_iPhone.xib */; };
		74B4C075156F4B3600E35598 /* MKInAppPurchaseManager.m in Sources */ = {isa = PBXBuildFile; fileRef = 74B4C06B156F4B3600E35598 /* MKInAppPurchaseManager.m */; };
		74B4C076156F4B3600E35598 /* MKOptionsView_iPhone.xib in Resources */ = {isa = PBXBuildFile; fileRef = 74B4C06C156F4B3600E35598 /* MKOptionsView_iPhone.xib */; };
		74B4C077156F4B3600E35598 /* MKOptionsViewController.m in Sources */ = {isa = PBXBuildFile; fileRef = 74B4C06E156F4B3600E35598 /* MKOptionsViewController.m */; };
		74B4C078156F4B3600E35598 /* MKSpecialLocation.m in Sources */ = {isa = PBXBuildFile; fileRef = 74B4C070156F4B3600E35598 /* MKSpecialLocation.m */; };
		74B4C079156F4B3600E35598 /* MKViewController.m in Sources */ = {isa = PBXBuildFile; fileRef = 74B4C072156F4B3600E35598 /* MKViewController.m */; };
		74B4C07C156F4B4D00E35598 /* PureImageCell.xib in Resources */ = {isa = PBXBuildFile; fileRef = 74B4C07A156F4B4D00E35598 /* PureImageCell.xib */; };
		74B4C07D156F4B4D00E35598 /* SubImageCell.xib in Resources */ = {isa = PBXBuildFile; fileRef = 74B4C07B156F4B4D00E35598 /* SubImageCell.xib */; };
		74C15AF2157EE0D4000019DC /* QuartzCore.framework in Frameworks */ = {isa = PBXBuildFile; fileRef = 74C15AF1157EE0D4000019DC /* QuartzCore.framework */; };
		74C15BBF158192E2000019DC /* Cross Hair.png in Resources */ = {isa = PBXBuildFile; fileRef = 74C15B7A158192E2000019DC /* Cross Hair.png */; };
		74C15BC0158192E2000019DC /* Arrow-Clt.png in Resources */ = {isa = PBXBuildFile; fileRef = 74C15B7C158192E2000019DC /* Arrow-Clt.png */; };
		74C15BC1158192E2000019DC /* Back-Clt.png in Resources */ = {isa = PBXBuildFile; fileRef = 74C15B7D158192E2000019DC /* Back-Clt.png */; };
		74C15BC3158192E2000019DC /* ButMain-Clt.png in Resources */ = {isa = PBXBuildFile; fileRef = 74C15B7F158192E2000019DC /* ButMain-Clt.png */; };
		74C15BC4158192E2000019DC /* ButOff-Clt.png in Resources */ = {isa = PBXBuildFile; fileRef = 74C15B80158192E2000019DC /* ButOff-Clt.png */; };
		74C15BC5158192E2000019DC /* ButOpt-Clt.png in Resources */ = {isa = PBXBuildFile; fileRef = 74C15B81158192E2000019DC /* ButOpt-Clt.png */; };
		74C15BC6158192E2000019DC /* ButSel-Clt.png in Resources */ = {isa = PBXBuildFile; fileRef = 74C15B82158192E2000019DC /* ButSel-Clt.png */; };
		74C15BC7158192E2000019DC /* Arrow-Chns.png in Resources */ = {isa = PBXBuildFile; fileRef = 74C15B84158192E2000019DC /* Arrow-Chns.png */; };
		74C15BC8158192E2000019DC /* Back-Chns.png in Resources */ = {isa = PBXBuildFile; fileRef = 74C15B85158192E2000019DC /* Back-Chns.png */; };
		74C15BCA158192E2000019DC /* ButMain-Chns.png in Resources */ = {isa = PBXBuildFile; fileRef = 74C15B87158192E2000019DC /* ButMain-Chns.png */; };
		74C15BCB158192E2000019DC /* ButOff-Chns.png in Resources */ = {isa = PBXBuildFile; fileRef = 74C15B88158192E2000019DC /* ButOff-Chns.png */; };
		74C15BCC158192E2000019DC /* ButOpt-Chns.png in Resources */ = {isa = PBXBuildFile; fileRef = 74C15B89158192E2000019DC /* ButOpt-Chns.png */; };
		74C15BCD158192E2000019DC /* ButSel-Chns.png in Resources */ = {isa = PBXBuildFile; fileRef = 74C15B8A158192E2000019DC /* ButSel-Chns.png */; };
		74C15BCE158192E2000019DC /* demon-saturn.png in Resources */ = {isa = PBXBuildFile; fileRef = 74C15B8C158192E2000019DC /* demon-saturn.png */; };
		74C15BCF158192E2000019DC /* Ghost-Girl.png in Resources */ = {isa = PBXBuildFile; fileRef = 74C15B8D158192E2000019DC /* Ghost-Girl.png */; };
		74C15BD0158192E2000019DC /* Ghost-goya.png in Resources */ = {isa = PBXBuildFile; fileRef = 74C15B8E158192E2000019DC /* Ghost-goya.png */; };
		74C15BD1158192E2000019DC /* Ghost-inger.png in Resources */ = {isa = PBXBuildFile; fileRef = 74C15B8F158192E2000019DC /* Ghost-inger.png */; };
		74C15BD2158192E2000019DC /* Ghost-Lucientes.png in Resources */ = {isa = PBXBuildFile; fileRef = 74C15B90158192E2000019DC /* Ghost-Lucientes.png */; };
		74C15BD3158192E2000019DC /* Ghost-munch.png in Resources */ = {isa = PBXBuildFile; fileRef = 74C15B91158192E2000019DC /* Ghost-munch.png */; };
		74C15BD4158192E2000019DC /* Ghost-osorio.png in Resources */ = {isa = PBXBuildFile; fileRef = 74C15B92158192E2000019DC /* Ghost-osorio.png */; };
		74C15BD5158192E2000019DC /* Ghost-Sabasa.png in Resources */ = {isa = PBXBuildFile; fileRef = 74C15B93158192E2000019DC /* Ghost-Sabasa.png */; };
		74C15BD6158192E2000019DC /* Ghost-Scream.png in Resources */ = {isa = PBXBuildFile; fileRef = 74C15B94158192E2000019DC /* Ghost-Scream.png */; };
		74C15BD7158192E2000019DC /* Ghost-sharky.png in Resources */ = {isa = PBXBuildFile; fileRef = 74C15B95158192E2000019DC /* Ghost-sharky.png */; };
		74C15BD8158192E2000019DC /* Ghost-sharky2.png in Resources */ = {isa = PBXBuildFile; fileRef = 74C15B96158192E2000019DC /* Ghost-sharky2.png */; };
		74C15BD9158192E2000019DC /* Ghost-woman.png in Resources */ = {isa = PBXBuildFile; fileRef = 74C15B97158192E2000019DC /* Ghost-woman.png */; };
		74C15BDA158192E2000019DC /* Arrow-Ndc.png in Resources */ = {isa = PBXBuildFile; fileRef = 74C15B99158192E2000019DC /* Arrow-Ndc.png */; };
		74C15BDB158192E2000019DC /* Back-Ndc.png in Resources */ = {isa = PBXBuildFile; fileRef = 74C15B9A158192E2000019DC /* Back-Ndc.png */; };
		74C15BDD158192E2000019DC /* ButMain-Ndc.png in Resources */ = {isa = PBXBuildFile; fileRef = 74C15B9C158192E2000019DC /* ButMain-Ndc.png */; };
		74C15BDE158192E2000019DC /* ButOff-Ndc.png in Resources */ = {isa = PBXBuildFile; fileRef = 74C15B9D158192E2000019DC /* ButOff-Ndc.png */; };
		74C15BDF158192E2000019DC /* ButOpt-Ndc.png in Resources */ = {isa = PBXBuildFile; fileRef = 74C15B9E158192E2000019DC /* ButOpt-Ndc.png */; };
		74C15BE0158192E2000019DC /* ButSel-Ndc.png in Resources */ = {isa = PBXBuildFile; fileRef = 74C15B9F158192E2000019DC /* ButSel-Ndc.png */; };
		74C15BE6158192E2000019DC /* Arrow-Scifi.png in Resources */ = {isa = PBXBuildFile; fileRef = 74C15BA7158192E2000019DC /* Arrow-Scifi.png */; };
		74C15BE7158192E2000019DC /* Back-Scifi.png in Resources */ = {isa = PBXBuildFile; fileRef = 74C15BA8158192E2000019DC /* Back-Scifi.png */; };
		74C15BE9158192E2000019DC /* ButMain-Scifi.png in Resources */ = {isa = PBXBuildFile; fileRef = 74C15BAA158192E2000019DC /* ButMain-Scifi.png */; };
		74C15BEA158192E2000019DC /* ButOff-Scifi.png in Resources */ = {isa = PBXBuildFile; fileRef = 74C15BAB158192E2000019DC /* ButOff-Scifi.png */; };
		74C15BEB158192E2000019DC /* ButOpt-Scifi.png in Resources */ = {isa = PBXBuildFile; fileRef = 74C15BAC158192E2000019DC /* ButOpt-Scifi.png */; };
		74C15BEC158192E2000019DC /* ButSel-Scifi.png in Resources */ = {isa = PBXBuildFile; fileRef = 74C15BAD158192E2000019DC /* ButSel-Scifi.png */; };
		74C15BED158192E2000019DC /* Arrow-SGW.png in Resources */ = {isa = PBXBuildFile; fileRef = 74C15BAF158192E2000019DC /* Arrow-SGW.png */; };
		74C15BEE158192E2000019DC /* Back-SGW.png in Resources */ = {isa = PBXBuildFile; fileRef = 74C15BB0158192E2000019DC /* Back-SGW.png */; };
		74C15BF0158192E2000019DC /* ButMain-SGW.png in Resources */ = {isa = PBXBuildFile; fileRef = 74C15BB2158192E2000019DC /* ButMain-SGW.png */; };
		74C15BF1158192E2000019DC /* ButOff-SGW.png in Resources */ = {isa = PBXBuildFile; fileRef = 74C15BB3158192E2000019DC /* ButOff-SGW.png */; };
		74C15BF2158192E2000019DC /* ButOpt-SGW.png in Resources */ = {isa = PBXBuildFile; fileRef = 74C15BB4158192E2000019DC /* ButOpt-SGW.png */; };
		74C15BF3158192E2000019DC /* ButSel-SGW.png in Resources */ = {isa = PBXBuildFile; fileRef = 74C15BB5158192E2000019DC /* ButSel-SGW.png */; };
		74C15BF5158192E2000019DC /* Arrow-Wiz.png in Resources */ = {isa = PBXBuildFile; fileRef = 74C15BB8158192E2000019DC /* Arrow-Wiz.png */; };
		74C15BF6158192E2000019DC /* Back-Wiz.png in Resources */ = {isa = PBXBuildFile; fileRef = 74C15BB9158192E2000019DC /* Back-Wiz.png */; };
		74C15BF8158192E2000019DC /* ButMain-Wiz.png in Resources */ = {isa = PBXBuildFile; fileRef = 74C15BBB158192E2000019DC /* ButMain-Wiz.png */; };
		74C15BF9158192E2000019DC /* ButOff-Wiz.png in Resources */ = {isa = PBXBuildFile; fileRef = 74C15BBC158192E2000019DC /* ButOff-Wiz.png */; };
		74C15BFA158192E2000019DC /* ButOpt-Wiz.png in Resources */ = {isa = PBXBuildFile; fileRef = 74C15BBD158192E2000019DC /* ButOpt-Wiz.png */; };
		74C15BFB158192E2000019DC /* ButSel-Wiz.png in Resources */ = {isa = PBXBuildFile; fileRef = 74C15BBE158192E2000019DC /* ButSel-Wiz.png */; };
		74C15BFF1581A45C000019DC /* logo.png in Resources */ = {isa = PBXBuildFile; fileRef = 74C15BFE1581A45C000019DC /* logo.png */; };
		74C15C011581A45F000019DC /* logo@2x.png in Resources */ = {isa = PBXBuildFile; fileRef = 74C15C001581A45F000019DC /* logo@2x.png */; };
		74C15C0A158553BA000019DC /* BackOptSel.png in Resources */ = {isa = PBXBuildFile; fileRef = 74C15C06158553BA000019DC /* BackOptSel.png */; };
		74C15C0B158553BA000019DC /* But-Exit.png in Resources */ = {isa = PBXBuildFile; fileRef = 74C15C07158553BA000019DC /* But-Exit.png */; };
		74C15C0C158553BA000019DC /* But-Save.png in Resources */ = {isa = PBXBuildFile; fileRef = 74C15C08158553BA000019DC /* But-Save.png */; };
		74C15C0D158553BA000019DC /* But-Twit.png in Resources */ = {isa = PBXBuildFile; fileRef = 74C15C09158553BA000019DC /* But-Twit.png */; };
		74C54B1015705FB40004DCDA /* StoreKit.framework in Frameworks */ = {isa = PBXBuildFile; fileRef = 74C54B0F15705FB40004DCDA /* StoreKit.framework */; };
		74C54B1315705FBC0004DCDA /* iAd.framework in Frameworks */ = {isa = PBXBuildFile; fileRef = 74C54B1215705FBC0004DCDA /* iAd.framework */; };
		74C54B1515705FC50004DCDA /* CoreLocation.framework in Frameworks */ = {isa = PBXBuildFile; fileRef = 74C54B1415705FC50004DCDA /* CoreLocation.framework */; };
/* End PBXBuildFile section */

/* Begin PBXFileReference section */
		747C24161572B8ED007E5717 /* MAProperties.plist */ = {isa = PBXFileReference; fileEncoding = 4; lastKnownFileType = text.plist.xml; path = MAProperties.plist; sourceTree = "<group>"; };
		747C241D1572ED11007E5717 /* MKImageViewCell.h */ = {isa = PBXFileReference; fileEncoding = 4; lastKnownFileType = sourcecode.c.h; path = MKImageViewCell.h; sourceTree = "<group>"; };
		747C241E1572ED11007E5717 /* MKImageViewCell.m */ = {isa = PBXFileReference; fileEncoding = 4; lastKnownFileType = sourcecode.c.objc; path = MKImageViewCell.m; sourceTree = "<group>"; };
		747C24201572F069007E5717 /* MKTargetsViewController.h */ = {isa = PBXFileReference; fileEncoding = 4; lastKnownFileType = sourcecode.c.h; path = MKTargetsViewController.h; sourceTree = "<group>"; };
		747C24211572F069007E5717 /* MKTargetsViewController.m */ = {isa = PBXFileReference; fileEncoding = 4; lastKnownFileType = sourcecode.c.objc; path = MKTargetsViewController.m; sourceTree = "<group>"; };
		747C24231572F08A007E5717 /* MKTargetsView_iPhone.xib */ = {isa = PBXFileReference; fileEncoding = 4; lastKnownFileType = file.xib; path = MKTargetsView_iPhone.xib; sourceTree = "<group>"; };
		747C24251572F139007E5717 /* MKTargetInfoViewCtrl.h */ = {isa = PBXFileReference; fileEncoding = 4; lastKnownFileType = sourcecode.c.h; path = MKTargetInfoViewCtrl.h; sourceTree = "<group>"; };
		747C24261572F139007E5717 /* MKTargetInfoViewCtrl.m */ = {isa = PBXFileReference; fileEncoding = 4; lastKnownFileType = sourcecode.c.objc; path = MKTargetInfoViewCtrl.m; sourceTree = "<group>"; };
		747C24281572F168007E5717 /* MKTargetInfoView_iPhone.xib */ = {isa = PBXFileReference; fileEncoding = 4; lastKnownFileType = file.xib; path = MKTargetInfoView_iPhone.xib; sourceTree = "<group>"; };
		747C242A15740399007E5717 /* MKCapturedImageView_iPhone.xib */ = {isa = PBXFileReference; fileEncoding = 4; lastKnownFileType = file.xib; path = MKCapturedImageView_iPhone.xib; sourceTree = "<group>"; };
		747C242C157403B8007E5717 /* MKCapturedImageViewController.h */ = {isa = PBXFileReference; fileEncoding = 4; lastKnownFileType = sourcecode.c.h; path = MKCapturedImageViewController.h; sourceTree = "<group>"; };
		747C242D157403B8007E5717 /* MKCapturedImageViewController.m */ = {isa = PBXFileReference; fileEncoding = 4; lastKnownFileType = sourcecode.c.objc; path = MKCapturedImageViewController.m; sourceTree = "<group>"; };
		747C242F15745267007E5717 /* MysticArrow-Info.plist */ = {isa = PBXFileReference; lastKnownFileType = text.plist.xml; path = "MysticArrow-Info.plist"; sourceTree = "<group>"; };
		747C243715798D15007E5717 /* Twitter.framework */ = {isa = PBXFileReference; lastKnownFileType = wrapper.framework; name = Twitter.framework; path = System/Library/Frameworks/Twitter.framework; sourceTree = SDKROOT; };
		74B4C023156F49D600E35598 /* MysticArrow.app */ = {isa = PBXFileReference; explicitFileType = wrapper.application; includeInIndex = 0; path = MysticArrow.app; sourceTree = BUILT_PRODUCTS_DIR; };
		74B4C027156F49D600E35598 /* UIKit.framework */ = {isa = PBXFileReference; lastKnownFileType = wrapper.framework; name = UIKit.framework; path = System/Library/Frameworks/UIKit.framework; sourceTree = SDKROOT; };
		74B4C029156F49D600E35598 /* Foundation.framework */ = {isa = PBXFileReference; lastKnownFileType = wrapper.framework; name = Foundation.framework; path = System/Library/Frameworks/Foundation.framework; sourceTree = SDKROOT; };
		74B4C02B156F49D600E35598 /* CoreGraphics.framework */ = {isa = PBXFileReference; lastKnownFileType = wrapper.framework; name = CoreGraphics.framework; path = System/Library/Frameworks/CoreGraphics.framework; sourceTree = SDKROOT; };
		74B4C031156F49D600E35598 /* en */ = {isa = PBXFileReference; lastKnownFileType = text.plist.strings; name = en; path = en.lproj/InfoPlist.strings; sourceTree = "<group>"; };
		74B4C033156F49D600E35598 /* main.m */ = {isa = PBXFileReference; lastKnownFileType = sourcecode.c.objc; path = main.m; sourceTree = "<group>"; };
		74B4C035156F49D600E35598 /* MysticArrow-Prefix.pch */ = {isa = PBXFileReference; lastKnownFileType = sourcecode.c.h; path = "MysticArrow-Prefix.pch"; sourceTree = "<group>"; };
		74B4C036156F49D600E35598 /* MKAppDelegate.h */ = {isa = PBXFileReference; lastKnownFileType = sourcecode.c.h; path = MKAppDelegate.h; sourceTree = "<group>"; };
		74B4C037156F49D600E35598 /* MKAppDelegate.m */ = {isa = PBXFileReference; lastKnownFileType = sourcecode.c.objc; path = MKAppDelegate.m; sourceTree = "<group>"; };
		74B4C03F156F4A8100E35598 /* en */ = {isa = PBXFileReference; lastKnownFileType = text.plist.strings; name = en; path = en.lproj/Localizable.strings; sourceTree = "<group>"; };
		74B4C041156F4A8100E35598 /* en */ = {isa = PBXFileReference; lastKnownFileType = file.xib; name = en; path = en.lproj/MKViewController_iPad.xib; sourceTree = "<group>"; };
		74B4C043156F4A8100E35598 /* en */ = {isa = PBXFileReference; lastKnownFileType = file.xib; name = en; path = en.lproj/MKViewController_iPhone.xib; sourceTree = "<group>"; };
		74B4C04A156F4AA400E35598 /* ar */ = {isa = PBXFileReference; lastKnownFileType = text.plist.strings; name = ar; path = ar.lproj/Localizable.strings; sourceTree = "<group>"; };
		74B4C04C156F4AAC00E35598 /* de */ = {isa = PBXFileReference; lastKnownFileType = text.plist.strings; name = de; path = de.lproj/Localizable.strings; sourceTree = "<group>"; };
		74B4C04E156F4AB500E35598 /* el */ = {isa = PBXFileReference; lastKnownFileType = text.plist.strings; name = el; path = el.lproj/Localizable.strings; sourceTree = "<group>"; };
		74B4C050156F4ABE00E35598 /* es */ = {isa = PBXFileReference; lastKnownFileType = text.plist.strings; name = es; path = es.lproj/Localizable.strings; sourceTree = "<group>"; };
		74B4C052156F4AC600E35598 /* fr */ = {isa = PBXFileReference; lastKnownFileType = text.plist.strings; name = fr; path = fr.lproj/Localizable.strings; sourceTree = "<group>"; };
		74B4C054156F4AD000E35598 /* he */ = {isa = PBXFileReference; lastKnownFileType = text.plist.strings; name = he; path = he.lproj/Localizable.strings; sourceTree = "<group>"; };
		74B4C056156F4AD700E35598 /* hi */ = {isa = PBXFileReference; lastKnownFileType = text.plist.strings; name = hi; path = hi.lproj/Localizable.strings; sourceTree = "<group>"; };
		74B4C058156F4ADE00E35598 /* it */ = {isa = PBXFileReference; lastKnownFileType = text.plist.strings; name = it; path = it.lproj/Localizable.strings; sourceTree = "<group>"; };
		74B4C05A156F4AE500E35598 /* ja */ = {isa = PBXFileReference; lastKnownFileType = text.plist.strings; name = ja; path = ja.lproj/Localizable.strings; sourceTree = "<group>"; };
		74B4C05C156F4AEC00E35598 /* ko */ = {isa = PBXFileReference; lastKnownFileType = text.plist.strings; name = ko; path = ko.lproj/Localizable.strings; sourceTree = "<group>"; };
		74B4C05E156F4B0100E35598 /* pt */ = {isa = PBXFileReference; lastKnownFileType = text.plist.strings; name = pt; path = pt.lproj/Localizable.strings; sourceTree = "<group>"; };
		74B4C060156F4B0A00E35598 /* ru */ = {isa = PBXFileReference; lastKnownFileType = text.plist.strings; name = ru; path = ru.lproj/Localizable.strings; sourceTree = "<group>"; };
		74B4C062156F4B1400E35598 /* sv */ = {isa = PBXFileReference; lastKnownFileType = text.plist.strings; name = sv; path = sv.lproj/Localizable.strings; sourceTree = "<group>"; };
		74B4C064156F4B1D00E35598 /* zh-Hans */ = {isa = PBXFileReference; lastKnownFileType = text.plist.strings; name = "zh-Hans"; path = "zh-Hans.lproj/Localizable.strings"; sourceTree = "<group>"; };
		74B4C06A156F4B3600E35598 /* MKInAppPurchaseManager.h */ = {isa = PBXFileReference; fileEncoding = 4; lastKnownFileType = sourcecode.c.h; path = MKInAppPurchaseManager.h; sourceTree = "<group>"; };
		74B4C06B156F4B3600E35598 /* MKInAppPurchaseManager.m */ = {isa = PBXFileReference; fileEncoding = 4; lastKnownFileType = sourcecode.c.objc; path = MKInAppPurchaseManager.m; sourceTree = "<group>"; };
		74B4C06C156F4B3600E35598 /* MKOptionsView_iPhone.xib */ = {isa = PBXFileReference; fileEncoding = 4; lastKnownFileType = file.xib; path = MKOptionsView_iPhone.xib; sourceTree = "<group>"; };
		74B4C06D156F4B3600E35598 /* MKOptionsViewController.h */ = {isa = PBXFileReference; fileEncoding = 4; lastKnownFileType = sourcecode.c.h; path = MKOptionsViewController.h; sourceTree = "<group>"; };
		74B4C06E156F4B3600E35598 /* MKOptionsViewController.m */ = {isa = PBXFileReference; fileEncoding = 4; lastKnownFileType = sourcecode.c.objc; path = MKOptionsViewController.m; sourceTree = "<group>"; };
		74B4C06F156F4B3600E35598 /* MKSpecialLocation.h */ = {isa = PBXFileReference; fileEncoding = 4; lastKnownFileType = sourcecode.c.h; path = MKSpecialLocation.h; sourceTree = "<group>"; };
		74B4C070156F4B3600E35598 /* MKSpecialLocation.m */ = {isa = PBXFileReference; fileEncoding = 4; lastKnownFileType = sourcecode.c.objc; path = MKSpecialLocation.m; sourceTree = "<group>"; };
		74B4C071156F4B3600E35598 /* MKViewController.h */ = {isa = PBXFileReference; fileEncoding = 4; lastKnownFileType = sourcecode.c.h; path = MKViewController.h; sourceTree = "<group>"; };
		74B4C072156F4B3600E35598 /* MKViewController.m */ = {isa = PBXFileReference; fileEncoding = 4; lastKnownFileType = sourcecode.c.objc; path = MKViewController.m; sourceTree = "<group>"; };
		74B4C07A156F4B4D00E35598 /* PureImageCell.xib */ = {isa = PBXFileReference; fileEncoding = 4; lastKnownFileType = file.xib; path = PureImageCell.xib; sourceTree = "<group>"; };
		74B4C07B156F4B4D00E35598 /* SubImageCell.xib */ = {isa = PBXFileReference; fileEncoding = 4; lastKnownFileType = file.xib; path = SubImageCell.xib; sourceTree = "<group>"; };
		74C15AF1157EE0D4000019DC /* QuartzCore.framework */ = {isa = PBXFileReference; lastKnownFileType = wrapper.framework; name = QuartzCore.framework; path = System/Library/Frameworks/QuartzCore.framework; sourceTree = SDKROOT; };
		74C15B7A158192E2000019DC /* Cross Hair.png */ = {isa = PBXFileReference; lastKnownFileType = image.png; path = "Cross Hair.png"; sourceTree = "<group>"; };
		74C15B7C158192E2000019DC /* Arrow-Clt.png */ = {isa = PBXFileReference; lastKnownFileType = image.png; path = "Arrow-Clt.png"; sourceTree = "<group>"; };
		74C15B7D158192E2000019DC /* Back-Clt.png */ = {isa = PBXFileReference; lastKnownFileType = image.png; path = "Back-Clt.png"; sourceTree = "<group>"; };
		74C15B7F158192E2000019DC /* ButMain-Clt.png */ = {isa = PBXFileReference; lastKnownFileType = image.png; path = "ButMain-Clt.png"; sourceTree = "<group>"; };
		74C15B80158192E2000019DC /* ButOff-Clt.png */ = {isa = PBXFileReference; lastKnownFileType = image.png; path = "ButOff-Clt.png"; sourceTree = "<group>"; };
		74C15B81158192E2000019DC /* ButOpt-Clt.png */ = {isa = PBXFileReference; lastKnownFileType = image.png; path = "ButOpt-Clt.png"; sourceTree = "<group>"; };
		74C15B82158192E2000019DC /* ButSel-Clt.png */ = {isa = PBXFileReference; lastKnownFileType = image.png; path = "ButSel-Clt.png"; sourceTree = "<group>"; };
		74C15B84158192E2000019DC /* Arrow-Chns.png */ = {isa = PBXFileReference; lastKnownFileType = image.png; path = "Arrow-Chns.png"; sourceTree = "<group>"; };
		74C15B85158192E2000019DC /* Back-Chns.png */ = {isa = PBXFileReference; lastKnownFileType = image.png; path = "Back-Chns.png"; sourceTree = "<group>"; };
		74C15B87158192E2000019DC /* ButMain-Chns.png */ = {isa = PBXFileReference; lastKnownFileType = image.png; path = "ButMain-Chns.png"; sourceTree = "<group>"; };
		74C15B88158192E2000019DC /* ButOff-Chns.png */ = {isa = PBXFileReference; lastKnownFileType = image.png; path = "ButOff-Chns.png"; sourceTree = "<group>"; };
		74C15B89158192E2000019DC /* ButOpt-Chns.png */ = {isa = PBXFileReference; lastKnownFileType = image.png; path = "ButOpt-Chns.png"; sourceTree = "<group>"; };
		74C15B8A158192E2000019DC /* ButSel-Chns.png */ = {isa = PBXFileReference; lastKnownFileType = image.png; path = "ButSel-Chns.png"; sourceTree = "<group>"; };
		74C15B8C158192E2000019DC /* demon-saturn.png */ = {isa = PBXFileReference; lastKnownFileType = image.png; path = "demon-saturn.png"; sourceTree = "<group>"; };
		74C15B8D158192E2000019DC /* Ghost-Girl.png */ = {isa = PBXFileReference; lastKnownFileType = image.png; path = "Ghost-Girl.png"; sourceTree = "<group>"; };
		74C15B8E158192E2000019DC /* Ghost-goya.png */ = {isa = PBXFileReference; lastKnownFileType = image.png; path = "Ghost-goya.png"; sourceTree = "<group>"; };
		74C15B8F158192E2000019DC /* Ghost-inger.png */ = {isa = PBXFileReference; lastKnownFileType = image.png; path = "Ghost-inger.png"; sourceTree = "<group>"; };
		74C15B90158192E2000019DC /* Ghost-Lucientes.png */ = {isa = PBXFileReference; lastKnownFileType = image.png; path = "Ghost-Lucientes.png"; sourceTree = "<group>"; };
		74C15B91158192E2000019DC /* Ghost-munch.png */ = {isa = PBXFileReference; lastKnownFileType = image.png; path = "Ghost-munch.png"; sourceTree = "<group>"; };
		74C15B92158192E2000019DC /* Ghost-osorio.png */ = {isa = PBXFileReference; lastKnownFileType = image.png; path = "Ghost-osorio.png"; sourceTree = "<group>"; };
		74C15B93158192E2000019DC /* Ghost-Sabasa.png */ = {isa = PBXFileReference; lastKnownFileType = image.png; path = "Ghost-Sabasa.png"; sourceTree = "<group>"; };
		74C15B94158192E2000019DC /* Ghost-Scream.png */ = {isa = PBXFileReference; lastKnownFileType = image.png; path = "Ghost-Scream.png"; sourceTree = "<group>"; };
		74C15B95158192E2000019DC /* Ghost-sharky.png */ = {isa = PBXFileReference; lastKnownFileType = image.png; path = "Ghost-sharky.png"; sourceTree = "<group>"; };
		74C15B96158192E2000019DC /* Ghost-sharky2.png */ = {isa = PBXFileReference; lastKnownFileType = image.png; path = "Ghost-sharky2.png"; sourceTree = "<group>"; };
		74C15B97158192E2000019DC /* Ghost-woman.png */ = {isa = PBXFileReference; lastKnownFileType = image.png; path = "Ghost-woman.png"; sourceTree = "<group>"; };
		74C15B99158192E2000019DC /* Arrow-Ndc.png */ = {isa = PBXFileReference; lastKnownFileType = image.png; path = "Arrow-Ndc.png"; sourceTree = "<group>"; };
		74C15B9A158192E2000019DC /* Back-Ndc.png */ = {isa = PBXFileReference; lastKnownFileType = image.png; path = "Back-Ndc.png"; sourceTree = "<group>"; };
		74C15B9C158192E2000019DC /* ButMain-Ndc.png */ = {isa = PBXFileReference; lastKnownFileType = image.png; path = "ButMain-Ndc.png"; sourceTree = "<group>"; };
		74C15B9D158192E2000019DC /* ButOff-Ndc.png */ = {isa = PBXFileReference; lastKnownFileType = image.png; path = "ButOff-Ndc.png"; sourceTree = "<group>"; };
		74C15B9E158192E2000019DC /* ButOpt-Ndc.png */ = {isa = PBXFileReference; lastKnownFileType = image.png; path = "ButOpt-Ndc.png"; sourceTree = "<group>"; };
		74C15B9F158192E2000019DC /* ButSel-Ndc.png */ = {isa = PBXFileReference; lastKnownFileType = image.png; path = "ButSel-Ndc.png"; sourceTree = "<group>"; };
		74C15BA7158192E2000019DC /* Arrow-Scifi.png */ = {isa = PBXFileReference; lastKnownFileType = image.png; path = "Arrow-Scifi.png"; sourceTree = "<group>"; };
		74C15BA8158192E2000019DC /* Back-Scifi.png */ = {isa = PBXFileReference; lastKnownFileType = image.png; path = "Back-Scifi.png"; sourceTree = "<group>"; };
		74C15BAA158192E2000019DC /* ButMain-Scifi.png */ = {isa = PBXFileReference; lastKnownFileType = image.png; path = "ButMain-Scifi.png"; sourceTree = "<group>"; };
		74C15BAB158192E2000019DC /* ButOff-Scifi.png */ = {isa = PBXFileReference; lastKnownFileType = image.png; path = "ButOff-Scifi.png"; sourceTree = "<group>"; };
		74C15BAC158192E2000019DC /* ButOpt-Scifi.png */ = {isa = PBXFileReference; lastKnownFileType = image.png; path = "ButOpt-Scifi.png"; sourceTree = "<group>"; };
		74C15BAD158192E2000019DC /* ButSel-Scifi.png */ = {isa = PBXFileReference; lastKnownFileType = image.png; path = "ButSel-Scifi.png"; sourceTree = "<group>"; };
		74C15BAF158192E2000019DC /* Arrow-SGW.png */ = {isa = PBXFileReference; lastKnownFileType = image.png; path = "Arrow-SGW.png"; sourceTree = "<group>"; };
		74C15BB0158192E2000019DC /* Back-SGW.png */ = {isa = PBXFileReference; lastKnownFileType = image.png; path = "Back-SGW.png"; sourceTree = "<group>"; };
		74C15BB2158192E2000019DC /* ButMain-SGW.png */ = {isa = PBXFileReference; lastKnownFileType = image.png; path = "ButMain-SGW.png"; sourceTree = "<group>"; };
		74C15BB3158192E2000019DC /* ButOff-SGW.png */ = {isa = PBXFileReference; lastKnownFileType = image.png; path = "ButOff-SGW.png"; sourceTree = "<group>"; };
		74C15BB4158192E2000019DC /* ButOpt-SGW.png */ = {isa = PBXFileReference; lastKnownFileType = image.png; path = "ButOpt-SGW.png"; sourceTree = "<group>"; };
		74C15BB5158192E2000019DC /* ButSel-SGW.png */ = {isa = PBXFileReference; lastKnownFileType = image.png; path = "ButSel-SGW.png"; sourceTree = "<group>"; };
		74C15BB8158192E2000019DC /* Arrow-Wiz.png */ = {isa = PBXFileReference; lastKnownFileType = image.png; path = "Arrow-Wiz.png"; sourceTree = "<group>"; };
		74C15BB9158192E2000019DC /* Back-Wiz.png */ = {isa = PBXFileReference; lastKnownFileType = image.png; path = "Back-Wiz.png"; sourceTree = "<group>"; };
		74C15BBB158192E2000019DC /* ButMain-Wiz.png */ = {isa = PBXFileReference; lastKnownFileType = image.png; path = "ButMain-Wiz.png"; sourceTree = "<group>"; };
		74C15BBC158192E2000019DC /* ButOff-Wiz.png */ = {isa = PBXFileReference; lastKnownFileType = image.png; path = "ButOff-Wiz.png"; sourceTree = "<group>"; };
		74C15BBD158192E2000019DC /* ButOpt-Wiz.png */ = {isa = PBXFileReference; lastKnownFileType = image.png; path = "ButOpt-Wiz.png"; sourceTree = "<group>"; };
		74C15BBE158192E2000019DC /* ButSel-Wiz.png */ = {isa = PBXFileReference; lastKnownFileType = image.png; path = "ButSel-Wiz.png"; sourceTree = "<group>"; };
		74C15BFE1581A45C000019DC /* logo.png */ = {isa = PBXFileReference; lastKnownFileType = image.png; path = logo.png; sourceTree = "<group>"; };
		74C15C001581A45F000019DC /* logo@2x.png */ = {isa = PBXFileReference; lastKnownFileType = image.png; path = "logo@2x.png"; sourceTree = "<group>"; };
		74C15C06158553BA000019DC /* BackOptSel.png */ = {isa = PBXFileReference; lastKnownFileType = image.png; path = BackOptSel.png; sourceTree = "<group>"; };
		74C15C07158553BA000019DC /* But-Exit.png */ = {isa = PBXFileReference; lastKnownFileType = image.png; path = "But-Exit.png"; sourceTree = "<group>"; };
		74C15C08158553BA000019DC /* But-Save.png */ = {isa = PBXFileReference; lastKnownFileType = image.png; path = "But-Save.png"; sourceTree = "<group>"; };
		74C15C09158553BA000019DC /* But-Twit.png */ = {isa = PBXFileReference; lastKnownFileType = image.png; path = "But-Twit.png"; sourceTree = "<group>"; };
		74C54B0F15705FB40004DCDA /* StoreKit.framework */ = {isa = PBXFileReference; lastKnownFileType = wrapper.framework; name = StoreKit.framework; path = System/Library/Frameworks/StoreKit.framework; sourceTree = SDKROOT; };
		74C54B1215705FBC0004DCDA /* iAd.framework */ = {isa = PBXFileReference; lastKnownFileType = wrapper.framework; name = iAd.framework; path = System/Library/Frameworks/iAd.framework; sourceTree = SDKROOT; };
		74C54B1415705FC50004DCDA /* CoreLocation.framework */ = {isa = PBXFileReference; lastKnownFileType = wrapper.framework; name = CoreLocation.framework; path = System/Library/Frameworks/CoreLocation.framework; sourceTree = SDKROOT; };
/* End PBXFileReference section */

/* Begin PBXFrameworksBuildPhase section */
		74B4C020156F49D600E35598 /* Frameworks */ = {
			isa = PBXFrameworksBuildPhase;
			buildActionMask = 2147483647;
			files = (
				74C15AF2157EE0D4000019DC /* QuartzCore.framework in Frameworks */,
				747C243815798D15007E5717 /* Twitter.framework in Frameworks */,
				74C54B1515705FC50004DCDA /* CoreLocation.framework in Frameworks */,
				74C54B1315705FBC0004DCDA /* iAd.framework in Frameworks */,
				74C54B1015705FB40004DCDA /* StoreKit.framework in Frameworks */,
				74B4C028156F49D600E35598 /* UIKit.framework in Frameworks */,
				74B4C02A156F49D600E35598 /* Foundation.framework in Frameworks */,
				74B4C02C156F49D600E35598 /* CoreGraphics.framework in Frameworks */,
			);
			runOnlyForDeploymentPostprocessing = 0;
		};
/* End PBXFrameworksBuildPhase section */

/* Begin PBXGroup section */
		74B4C018156F49D600E35598 = {
			isa = PBXGroup;
			children = (
				74C15C001581A45F000019DC /* logo@2x.png */,
				74C15BFE1581A45C000019DC /* logo.png */,
				74B4C02D156F49D600E35598 /* MysticArrow */,
				74B4C026156F49D600E35598 /* Frameworks */,
				74B4C024156F49D600E35598 /* Products */,
			);
			sourceTree = "<group>";
		};
		74B4C024156F49D600E35598 /* Products */ = {
			isa = PBXGroup;
			children = (
				74B4C023156F49D600E35598 /* MysticArrow.app */,
			);
			name = Products;
			sourceTree = "<group>";
		};
		74B4C026156F49D600E35598 /* Frameworks */ = {
			isa = PBXGroup;
			children = (
				74C15AF1157EE0D4000019DC /* QuartzCore.framework */,
				747C243715798D15007E5717 /* Twitter.framework */,
				74C54B1415705FC50004DCDA /* CoreLocation.framework */,
				74C54B1215705FBC0004DCDA /* iAd.framework */,
				74C54B0F15705FB40004DCDA /* StoreKit.framework */,
				74B4C027156F49D600E35598 /* UIKit.framework */,
				74B4C029156F49D600E35598 /* Foundation.framework */,
				74B4C02B156F49D600E35598 /* CoreGraphics.framework */,
			);
			name = Frameworks;
			sourceTree = "<group>";
		};
		74B4C02D156F49D600E35598 /* MysticArrow */ = {
			isa = PBXGroup;
			children = (
				74C15B78158192E2000019DC /* Assets */,
				747C242C157403B8007E5717 /* MKCapturedImageViewController.h */,
				747C242D157403B8007E5717 /* MKCapturedImageViewController.m */,
				747C242A15740399007E5717 /* MKCapturedImageView_iPhone.xib */,
				747C24251572F139007E5717 /* MKTargetInfoViewCtrl.h */,
				747C24261572F139007E5717 /* MKTargetInfoViewCtrl.m */,
				747C24281572F168007E5717 /* MKTargetInfoView_iPhone.xib */,
				747C24201572F069007E5717 /* MKTargetsViewController.h */,
				747C24211572F069007E5717 /* MKTargetsViewController.m */,
				747C24231572F08A007E5717 /* MKTargetsView_iPhone.xib */,
				747C241D1572ED11007E5717 /* MKImageViewCell.h */,
				747C241E1572ED11007E5717 /* MKImageViewCell.m */,
				74B4C07A156F4B4D00E35598 /* PureImageCell.xib */,
				74B4C07B156F4B4D00E35598 /* SubImageCell.xib */,
				74B4C06A156F4B3600E35598 /* MKInAppPurchaseManager.h */,
				74B4C06B156F4B3600E35598 /* MKInAppPurchaseManager.m */,
				74B4C06C156F4B3600E35598 /* MKOptionsView_iPhone.xib */,
				74B4C06D156F4B3600E35598 /* MKOptionsViewController.h */,
				74B4C06E156F4B3600E35598 /* MKOptionsViewController.m */,
				74B4C06F156F4B3600E35598 /* MKSpecialLocation.h */,
				74B4C070156F4B3600E35598 /* MKSpecialLocation.m */,
				74B4C071156F4B3600E35598 /* MKViewController.h */,
				74B4C072156F4B3600E35598 /* MKViewController.m */,
				74B4C040156F4A8100E35598 /* MKViewController_iPad.xib */,
				74B4C042156F4A8100E35598 /* MKViewController_iPhone.xib */,
				74B4C036156F49D600E35598 /* MKAppDelegate.h */,
				74B4C037156F49D600E35598 /* MKAppDelegate.m */,
				74B4C02E156F49D600E35598 /* Supporting Files */,
			);
			path = MysticArrow;
			sourceTree = "<group>";
		};
		74B4C02E156F49D600E35598 /* Supporting Files */ = {
			isa = PBXGroup;
			children = (
				747C242F15745267007E5717 /* MysticArrow-Info.plist */,
				74B4C03E156F4A8100E35598 /* Localizable.strings */,
				74B4C030156F49D600E35598 /* InfoPlist.strings */,
				74B4C033156F49D600E35598 /* main.m */,
				74B4C035156F49D600E35598 /* MysticArrow-Prefix.pch */,
				747C24161572B8ED007E5717 /* MAProperties.plist */,
			);
			name = "Supporting Files";
			sourceTree = "<group>";
		};
		74C15B78158192E2000019DC /* Assets */ = {
			isa = PBXGroup;
			children = (
				74C15B79158192E2000019DC /* camera overlay */,
				74C15B7B158192E2000019DC /* Celtic */,
				74C15B83158192E2000019DC /* Chinese */,
				74C15B8B158192E2000019DC /* Found */,
				74C15B98158192E2000019DC /* Nordic */,
				74C15BA0158192E2000019DC /* Parts */,
				74C15BA6158192E2000019DC /* Scifi */,
				74C15BAE158192E2000019DC /* SGW */,
				74C15BB7158192E2000019DC /* Wizard */,
			);
			path = Assets;
			sourceTree = "<group>";
		};
		74C15B79158192E2000019DC /* camera overlay */ = {
			isa = PBXGroup;
			children = (
				74C15B7A158192E2000019DC /* Cross Hair.png */,
			);
			path = "camera overlay";
			sourceTree = "<group>";
		};
		74C15B7B158192E2000019DC /* Celtic */ = {
			isa = PBXGroup;
			children = (
				74C15B7C158192E2000019DC /* Arrow-Clt.png */,
				74C15B7D158192E2000019DC /* Back-Clt.png */,
				74C15B7F158192E2000019DC /* ButMain-Clt.png */,
				74C15B80158192E2000019DC /* ButOff-Clt.png */,
				74C15B81158192E2000019DC /* ButOpt-Clt.png */,
				74C15B82158192E2000019DC /* ButSel-Clt.png */,
			);
			path = Celtic;
			sourceTree = "<group>";
		};
		74C15B83158192E2000019DC /* Chinese */ = {
			isa = PBXGroup;
			children = (
				74C15B84158192E2000019DC /* Arrow-Chns.png */,
				74C15B85158192E2000019DC /* Back-Chns.png */,
				74C15B87158192E2000019DC /* ButMain-Chns.png */,
				74C15B88158192E2000019DC /* ButOff-Chns.png */,
				74C15B89158192E2000019DC /* ButOpt-Chns.png */,
				74C15B8A158192E2000019DC /* ButSel-Chns.png */,
			);
			path = Chinese;
			sourceTree = "<group>";
		};
		74C15B8B158192E2000019DC /* Found */ = {
			isa = PBXGroup;
			children = (
				74C15B8C158192E2000019DC /* demon-saturn.png */,
				74C15B8D158192E2000019DC /* Ghost-Girl.png */,
				74C15B8E158192E2000019DC /* Ghost-goya.png */,
				74C15B8F158192E2000019DC /* Ghost-inger.png */,
				74C15B90158192E2000019DC /* Ghost-Lucientes.png */,
				74C15B91158192E2000019DC /* Ghost-munch.png */,
				74C15B92158192E2000019DC /* Ghost-osorio.png */,
				74C15B93158192E2000019DC /* Ghost-Sabasa.png */,
				74C15B94158192E2000019DC /* Ghost-Scream.png */,
				74C15B95158192E2000019DC /* Ghost-sharky.png */,
				74C15B96158192E2000019DC /* Ghost-sharky2.png */,
				74C15B97158192E2000019DC /* Ghost-woman.png */,
			);
			path = Found;
			sourceTree = "<group>";
		};
		74C15B98158192E2000019DC /* Nordic */ = {
			isa = PBXGroup;
			children = (
				74C15B99158192E2000019DC /* Arrow-Ndc.png */,
				74C15B9A158192E2000019DC /* Back-Ndc.png */,
				74C15B9C158192E2000019DC /* ButMain-Ndc.png */,
				74C15B9D158192E2000019DC /* ButOff-Ndc.png */,
				74C15B9E158192E2000019DC /* ButOpt-Ndc.png */,
				74C15B9F158192E2000019DC /* ButSel-Ndc.png */,
			);
			path = Nordic;
			sourceTree = "<group>";
		};
		74C15BA0158192E2000019DC /* Parts */ = {
			isa = PBXGroup;
			children = (
				74C15C06158553BA000019DC /* BackOptSel.png */,
				74C15C07158553BA000019DC /* But-Exit.png */,
				74C15C08158553BA000019DC /* But-Save.png */,
				74C15C09158553BA000019DC /* But-Twit.png */,
			);
			path = Parts;
			sourceTree = "<group>";
		};
		74C15BA6158192E2000019DC /* Scifi */ = {
			isa = PBXGroup;
			children = (
				74C15BA7158192E2000019DC /* Arrow-Scifi.png */,
				74C15BA8158192E2000019DC /* Back-Scifi.png */,
				74C15BAA158192E2000019DC /* ButMain-Scifi.png */,
				74C15BAB158192E2000019DC /* ButOff-Scifi.png */,
				74C15BAC158192E2000019DC /* ButOpt-Scifi.png */,
				74C15BAD158192E2000019DC /* ButSel-Scifi.png */,
			);
			path = Scifi;
			sourceTree = "<group>";
		};
		74C15BAE158192E2000019DC /* SGW */ = {
			isa = PBXGroup;
			children = (
				74C15BAF158192E2000019DC /* Arrow-SGW.png */,
				74C15BB0158192E2000019DC /* Back-SGW.png */,
				74C15BB2158192E2000019DC /* ButMain-SGW.png */,
				74C15BB3158192E2000019DC /* ButOff-SGW.png */,
				74C15BB4158192E2000019DC /* ButOpt-SGW.png */,
				74C15BB5158192E2000019DC /* ButSel-SGW.png */,
			);
			path = SGW;
			sourceTree = "<group>";
		};
		74C15BB7158192E2000019DC /* Wizard */ = {
			isa = PBXGroup;
			children = (
				74C15BB8158192E2000019DC /* Arrow-Wiz.png */,
				74C15BB9158192E2000019DC /* Back-Wiz.png */,
				74C15BBB158192E2000019DC /* ButMain-Wiz.png */,
				74C15BBC158192E2000019DC /* ButOff-Wiz.png */,
				74C15BBD158192E2000019DC /* ButOpt-Wiz.png */,
				74C15BBE158192E2000019DC /* ButSel-Wiz.png */,
			);
			path = Wizard;
			sourceTree = "<group>";
		};
/* End PBXGroup section */

/* Begin PBXNativeTarget section */
		74B4C022156F49D600E35598 /* MysticArrow */ = {
			isa = PBXNativeTarget;
			buildConfigurationList = 74B4C03B156F49D600E35598 /* Build configuration list for PBXNativeTarget "MysticArrow" */;
			buildPhases = (
				74B4C01F156F49D600E35598 /* Sources */,
				74B4C020156F49D600E35598 /* Frameworks */,
				74B4C021156F49D600E35598 /* Resources */,
			);
			buildRules = (
			);
			dependencies = (
			);
			name = MysticArrow;
			productName = MysticArrow;
			productReference = 74B4C023156F49D600E35598 /* MysticArrow.app */;
			productType = "com.apple.product-type.application";
		};
/* End PBXNativeTarget section */

/* Begin PBXProject section */
		74B4C01A156F49D600E35598 /* Project object */ = {
			isa = PBXProject;
			attributes = {
				CLASSPREFIX = MK;
				LastUpgradeCheck = 0430;
				ORGANIZATIONNAME = info;
			};
			buildConfigurationList = 74B4C01D156F49D600E35598 /* Build configuration list for PBXProject "MysticArrow" */;
			compatibilityVersion = "Xcode 3.2";
			developmentRegion = English;
			hasScannedForEncodings = 0;
			knownRegions = (
				en,
				ar,
				de,
				el,
				es,
				fr,
				he,
				hi,
				it,
				ja,
				ko,
				pt,
				ru,
				sv,
				"zh-Hans",
			);
			mainGroup = 74B4C018156F49D600E35598;
			productRefGroup = 74B4C024156F49D600E35598 /* Products */;
			projectDirPath = "";
			projectRoot = "";
			targets = (
				74B4C022156F49D600E35598 /* MysticArrow */,
			);
		};
/* End PBXProject section */

/* Begin PBXResourcesBuildPhase section */
		74B4C021156F49D600E35598 /* Resources */ = {
			isa = PBXResourcesBuildPhase;
			buildActionMask = 2147483647;
			files = (
				74B4C032156F49D600E35598 /* InfoPlist.strings in Resources */,
				74B4C044156F4A8100E35598 /* Localizable.strings in Resources */,
				74B4C045156F4A8100E35598 /* MKViewController_iPad.xib in Resources */,
				74B4C046156F4A8100E35598 /* MKViewController_iPhone.xib in Resources */,
				74B4C076156F4B3600E35598 /* MKOptionsView_iPhone.xib in Resources */,
				74B4C07C156F4B4D00E35598 /* PureImageCell.xib in Resources */,
				74B4C07D156F4B4D00E35598 /* SubImageCell.xib in Resources */,
				747C24171572B8ED007E5717 /* MAProperties.plist in Resources */,
				747C24241572F08A007E5717 /* MKTargetsView_iPhone.xib in Resources */,
				747C24291572F168007E5717 /* MKTargetInfoView_iPhone.xib in Resources */,
				747C242B15740399007E5717 /* MKCapturedImageView_iPhone.xib in Resources */,
				74C15BBF158192E2000019DC /* Cross Hair.png in Resources */,
				74C15BC0158192E2000019DC /* Arrow-Clt.png in Resources */,
				74C15BC1158192E2000019DC /* Back-Clt.png in Resources */,
				74C15BC3158192E2000019DC /* ButMain-Clt.png in Resources */,
				74C15BC4158192E2000019DC /* ButOff-Clt.png in Resources */,
				74C15BC5158192E2000019DC /* ButOpt-Clt.png in Resources */,
				74C15BC6158192E2000019DC /* ButSel-Clt.png in Resources */,
				74C15BC7158192E2000019DC /* Arrow-Chns.png in Resources */,
				74C15BC8158192E2000019DC /* Back-Chns.png in Resources */,
				74C15BCA158192E2000019DC /* ButMain-Chns.png in Resources */,
				74C15BCB158192E2000019DC /* ButOff-Chns.png in Resources */,
				74C15BCC158192E2000019DC /* ButOpt-Chns.png in Resources */,
				74C15BCD158192E2000019DC /* ButSel-Chns.png in Resources */,
				74C15BCE158192E2000019DC /* demon-saturn.png in Resources */,
				74C15BCF158192E2000019DC /* Ghost-Girl.png in Resources */,
				74C15BD0158192E2000019DC /* Ghost-goya.png in Resources */,
				74C15BD1158192E2000019DC /* Ghost-inger.png in Resources */,
				74C15BD2158192E2000019DC /* Ghost-Lucientes.png in Resources */,
				74C15BD3158192E2000019DC /* Ghost-munch.png in Resources */,
				74C15BD4158192E2000019DC /* Ghost-osorio.png in Resources */,
				74C15BD5158192E2000019DC /* Ghost-Sabasa.png in Resources */,
				74C15BD6158192E2000019DC /* Ghost-Scream.png in Resources */,
				74C15BD7158192E2000019DC /* Ghost-sharky.png in Resources */,
				74C15BD8158192E2000019DC /* Ghost-sharky2.png in Resources */,
				74C15BD9158192E2000019DC /* Ghost-woman.png in Resources */,
				74C15BDA158192E2000019DC /* Arrow-Ndc.png in Resources */,
				74C15BDB158192E2000019DC /* Back-Ndc.png in Resources */,
				74C15BDD158192E2000019DC /* ButMain-Ndc.png in Resources */,
				74C15BDE158192E2000019DC /* ButOff-Ndc.png in Resources */,
				74C15BDF158192E2000019DC /* ButOpt-Ndc.png in Resources */,
				74C15BE0158192E2000019DC /* ButSel-Ndc.png in Resources */,
				74C15BE6158192E2000019DC /* Arrow-Scifi.png in Resources */,
				74C15BE7158192E2000019DC /* Back-Scifi.png in Resources */,
				74C15BE9158192E2000019DC /* ButMain-Scifi.png in Resources */,
				74C15BEA158192E2000019DC /* ButOff-Scifi.png in Resources */,
				74C15BEB158192E2000019DC /* ButOpt-Scifi.png in Resources */,
				74C15BEC158192E2000019DC /* ButSel-Scifi.png in Resources */,
				74C15BED158192E2000019DC /* Arrow-SGW.png in Resources */,
				74C15BEE158192E2000019DC /* Back-SGW.png in Resources */,
				74C15BF0158192E2000019DC /* ButMain-SGW.png in Resources */,
				74C15BF1158192E2000019DC /* ButOff-SGW.png in Resources */,
				74C15BF2158192E2000019DC /* ButOpt-SGW.png in Resources */,
				74C15BF3158192E2000019DC /* ButSel-SGW.png in Resources */,
				74C15BF5158192E2000019DC /* Arrow-Wiz.png in Resources */,
				74C15BF6158192E2000019DC /* Back-Wiz.png in Resources */,
				74C15BF8158192E2000019DC /* ButMain-Wiz.png in Resources */,
				74C15BF9158192E2000019DC /* ButOff-Wiz.png in Resources */,
				74C15BFA158192E2000019DC /* ButOpt-Wiz.png in Resources */,
				74C15BFB158192E2000019DC /* ButSel-Wiz.png in Resources */,
				74C15BFF1581A45C000019DC /* logo.png in Resources */,
				74C15C011581A45F000019DC /* logo@2x.png in Resources */,
				74C15C0A158553BA000019DC /* BackOptSel.png in Resources */,
				74C15C0B158553BA000019DC /* But-Exit.png in Resources */,
				74C15C0C158553BA000019DC /* But-Save.png in Resources */,
				74C15C0D158553BA000019DC /* But-Twit.png in Resources */,
			);
			runOnlyForDeploymentPostprocessing = 0;
		};
/* End PBXResourcesBuildPhase section */

/* Begin PBXSourcesBuildPhase section */
		74B4C01F156F49D600E35598 /* Sources */ = {
			isa = PBXSourcesBuildPhase;
			buildActionMask = 2147483647;
			files = (
				74B4C034156F49D600E35598 /* main.m in Sources */,
				74B4C038156F49D600E35598 /* MKAppDelegate.m in Sources */,
				74B4C075156F4B3600E35598 /* MKInAppPurchaseManager.m in Sources */,
				74B4C077156F4B3600E35598 /* MKOptionsViewController.m in Sources */,
				74B4C078156F4B3600E35598 /* MKSpecialLocation.m in Sources */,
				74B4C079156F4B3600E35598 /* MKViewController.m in Sources */,
				747C241F1572ED11007E5717 /* MKImageViewCell.m in Sources */,
				747C24221572F069007E5717 /* MKTargetsViewController.m in Sources */,
				747C24271572F139007E5717 /* MKTargetInfoViewCtrl.m in Sources */,
				747C242E157403B8007E5717 /* MKCapturedImageViewController.m in Sources */,
			);
			runOnlyForDeploymentPostprocessing = 0;
		};
/* End PBXSourcesBuildPhase section */

/* Begin PBXVariantGroup section */
		74B4C030156F49D600E35598 /* InfoPlist.strings */ = {
			isa = PBXVariantGroup;
			children = (
				74B4C031156F49D600E35598 /* en */,
			);
			name = InfoPlist.strings;
			sourceTree = "<group>";
		};
		74B4C03E156F4A8100E35598 /* Localizable.strings */ = {
			isa = PBXVariantGroup;
			children = (
				74B4C03F156F4A8100E35598 /* en */,
				74B4C04A156F4AA400E35598 /* ar */,
				74B4C04C156F4AAC00E35598 /* de */,
				74B4C04E156F4AB500E35598 /* el */,
				74B4C050156F4ABE00E35598 /* es */,
				74B4C052156F4AC600E35598 /* fr */,
				74B4C054156F4AD000E35598 /* he */,
				74B4C056156F4AD700E35598 /* hi */,
				74B4C058156F4ADE00E35598 /* it */,
				74B4C05A156F4AE500E35598 /* ja */,
				74B4C05C156F4AEC00E35598 /* ko */,
				74B4C05E156F4B0100E35598 /* pt */,
				74B4C060156F4B0A00E35598 /* ru */,
				74B4C062156F4B1400E35598 /* sv */,
				74B4C064156F4B1D00E35598 /* zh-Hans */,
			);
			name = Localizable.strings;
			sourceTree = "<group>";
		};
		74B4C040156F4A8100E35598 /* MKViewController_iPad.xib */ = {
			isa = PBXVariantGroup;
			children = (
				74B4C041156F4A8100E35598 /* en */,
			);
			name = MKViewController_iPad.xib;
			sourceTree = "<group>";
		};
		74B4C042156F4A8100E35598 /* MKViewController_iPhone.xib */ = {
			isa = PBXVariantGroup;
			children = (
				74B4C043156F4A8100E35598 /* en */,
			);
			name = MKViewController_iPhone.xib;
			sourceTree = "<group>";
		};
/* End PBXVariantGroup section */

/* Begin XCBuildConfiguration section */
		74B4C039156F49D600E35598 /* Debug */ = {
			isa = XCBuildConfiguration;
			buildSettings = {
				ALWAYS_SEARCH_USER_PATHS = NO;
				ARCHS = "$(ARCHS_STANDARD_32_BIT)";
				CLANG_ENABLE_OBJC_ARC = YES;
				"CODE_SIGN_IDENTITY[sdk=iphoneos*]" = "iPhone Developer";
				COPY_PHASE_STRIP = NO;
				GCC_C_LANGUAGE_STANDARD = gnu99;
				GCC_DYNAMIC_NO_PIC = NO;
				GCC_OPTIMIZATION_LEVEL = 0;
				GCC_PREPROCESSOR_DEFINITIONS = (
					"DEBUG=1",
					"$(inherited)",
				);
				GCC_SYMBOLS_PRIVATE_EXTERN = NO;
				GCC_VERSION = com.apple.compilers.llvm.clang.1_0;
				GCC_WARN_ABOUT_RETURN_TYPE = YES;
				GCC_WARN_UNINITIALIZED_AUTOS = YES;
				GCC_WARN_UNUSED_VARIABLE = YES;
				IPHONEOS_DEPLOYMENT_TARGET = 5.1;
				SDKROOT = iphoneos;
				TARGETED_DEVICE_FAMILY = "1,2";
			};
			name = Debug;
		};
		74B4C03A156F49D600E35598 /* Release */ = {
			isa = XCBuildConfiguration;
			buildSettings = {
				ALWAYS_SEARCH_USER_PATHS = NO;
				ARCHS = "$(ARCHS_STANDARD_32_BIT)";
				CLANG_ENABLE_OBJC_ARC = YES;
				"CODE_SIGN_IDENTITY[sdk=iphoneos*]" = "iPhone Developer";
				COPY_PHASE_STRIP = YES;
				GCC_C_LANGUAGE_STANDARD = gnu99;
				GCC_VERSION = com.apple.compilers.llvm.clang.1_0;
				GCC_WARN_ABOUT_RETURN_TYPE = YES;
				GCC_WARN_UNINITIALIZED_AUTOS = YES;
				GCC_WARN_UNUSED_VARIABLE = YES;
				IPHONEOS_DEPLOYMENT_TARGET = 5.1;
				OTHER_CFLAGS = "-DNS_BLOCK_ASSERTIONS=1";
				SDKROOT = iphoneos;
				TARGETED_DEVICE_FAMILY = "1,2";
				VALIDATE_PRODUCT = YES;
			};
			name = Release;
		};
		74B4C03C156F49D600E35598 /* Debug */ = {
			isa = XCBuildConfiguration;
			buildSettings = {
				GCC_PRECOMPILE_PREFIX_HEADER = YES;
				GCC_PREFIX_HEADER = "MysticArrow/MysticArrow-Prefix.pch";
				INFOPLIST_FILE = "MysticArrow/MysticArrow-Info.plist";
				IPHONEOS_DEPLOYMENT_TARGET = 5.0;
				PRODUCT_NAME = "$(TARGET_NAME)";
				WRAPPER_EXTENSION = app;
			};
			name = Debug;
		};
		74B4C03D156F49D600E35598 /* Release */ = {
			isa = XCBuildConfiguration;
			buildSettings = {
				GCC_PRECOMPILE_PREFIX_HEADER = YES;
				GCC_PREFIX_HEADER = "MysticArrow/MysticArrow-Prefix.pch";
				INFOPLIST_FILE = "MysticArrow/MysticArrow-Info.plist";
				IPHONEOS_DEPLOYMENT_TARGET = 5.0;
				PRODUCT_NAME = "$(TARGET_NAME)";
				WRAPPER_EXTENSION = app;
			};
			name = Release;
		};
/* End XCBuildConfiguration section */

/* Begin XCConfigurationList section */
		74B4C01D156F49D600E35598 /* Build configuration list for PBXProject "MysticArrow" */ = {
			isa = XCConfigurationList;
			buildConfigurations = (
				74B4C039156F49D600E35598 /* Debug */,
				74B4C03A156F49D600E35598 /* Release */,
			);
			defaultConfigurationIsVisible = 0;
			defaultConfigurationName = Release;
		};
		74B4C03B156F49D600E35598 /* Build configuration list for PBXNativeTarget "MysticArrow" */ = {
			isa = XCConfigurationList;
			buildConfigurations = (
				74B4C03C156F49D600E35598 /* Debug */,
				74B4C03D156F49D600E35598 /* Release */,
			);
			defaultConfigurationIsVisible = 0;
			defaultConfigurationName = Release;
		};
/* End XCConfigurationList section */
	};
	rootObject = 74B4C01A156F49D600E35598 /* Project object */;
}
